
Microsoft Visual Studio Solution File, Format Version 12.00
# Visual Studio Version 17
VisualStudioVersion = 17.7.34202.233
MinimumVisualStudioVersion = 10.0.40219.1
Project("{9A19103F-16F7-4668-BE54-9A1E7A4F7556}") = "LcsApi", "LcsApi\LcsApi.csproj", "{C33105BA-F69B-44DA-8EF2-7AFEDC4B622B}"
EndProject
Project("{FAE04EC0-301F-11D3-BF4B-00C04F79EFBC}") = "LcsApiNetFramework", "LcsApiNetFramework\LcsApiNetFramework.csproj", "{0D1C874E-3674-4881-8842-B36723F915A4}"
EndProject
Global
	GlobalSection(SolutionConfigurationPlatforms) = preSolution
		Debug|Any CPU = Debug|Any CPU
		Release|Any CPU = Release|Any CPU
	EndGlobalSection
	GlobalSection(ProjectConfigurationPlatforms) = postSolution
		{C33105BA-F69B-44DA-8EF2-7AFEDC4B622B}.Debug|Any CPU.ActiveCfg = Debug|Any CPU
		{C33105BA-F69B-44DA-8EF2-7AFEDC4B622B}.Debug|Any CPU.Build.0 = Debug|Any CPU
		{C33105BA-F69B-44DA-8EF2-7AFEDC4B622B}.Release|Any CPU.ActiveCfg = Release|Any CPU
		{C33105BA-F69B-44DA-8EF2-7AFEDC4B622B}.Release|Any CPU.Build.0 = Release|Any CPU
		{0D1C874E-3674-4881-8842-B36723F915A4}.Debug|Any CPU.ActiveCfg = Debug|Any CPU
		{0D1C874E-3674-4881-8842-B36723F915A4}.Debug|Any CPU.Build.0 = Debug|Any CPU
		{0D1C874E-3674-4881-8842-B36723F915A4}.Release|Any CPU.ActiveCfg = Release|Any CPU
		{0D1C874E-3674-4881-8842-B36723F915A4}.Release|Any CPU.Build.0 = Release|Any CPU
	EndGlobalSection
	GlobalSection(SolutionProperties) = preSolution
		HideSolutionNode = FALSE
	EndGlobalSection
	GlobalSection(ExtensibilityGlobals) = postSolution
		SolutionGuid = {9ECE22FA-B41A-4816-88E9-EC5C2168C042}
	EndGlobalSection
EndGlobal
